# This file is automatically @generated by Cargo.
# It is not intended for manual editing.
version = 4

[[package]]
name = "bitflags"
version = "2.11.1"
source = "registry+https://github.com/rust-lang/crates.io-index"
checksum = "c4512299f36f043ab09a583e57bceb5a5aab7a73db1805848e8fef3c9e8c78b3"

[[package]]
name = "linked_list_allocator"
version = "0.10.6"
source = "registry+https://github.com/rust-lang/crates.io-index"
checksum = "2b23ac50abb8261cb38c6e2a7192d3302e0836dac1628f6a93b82b4fad185897"

[[package]]
name = "modular-bitfield"
version = "0.11.2"
source = "registry+https://github.com/rust-lang/crates.io-index"
checksum = "a53d79ba8304ac1c4f9eb3b9d281f21f7be9d4626f72ce7df4ad8fbde4f38a74"
dependencies = [
 "modular-bitfield-impl",
 "static_assertions",
]

[[package]]
name = "modular-bitfield-impl"
version = "0.11.2"
source = "registry+https://github.com/rust-lang/crates.io-index"
checksum = "5a7d5f7076603ebc68de2dc6a650ec331a062a13abaa346975be747bbfa4b789"
dependencies = [
 "proc-macro2",
 "quote",
 "syn 1.0.109",
]

[[package]]
name = "nx-alloc"
version = "0.1.0"
dependencies = [
 "linked_list_allocator",
 "nx-panic-handler",
 "nx-svc",
 "nx-sys-sync",
 "thiserror",
]

[[package]]
name = "nx-cpu"
version = "0.1.0"
dependencies = [
 "nx-panic-handler",
]

[[package]]
name = "nx-display"
version = "0.1.0"
dependencies = [
 "nx-panic-handler",
 "nx-service-vi",
 "nx-sf",
 "nx-svc",
 "thiserror",
]

[[package]]
name = "nx-fsdev"
version = "0.1.0"
dependencies = [
 "nx-alloc",
 "nx-panic-handler",
 "nx-service-fs",
 "nx-sf",
 "nx-std-sync",
 "nx-svc",
 "nx-sys-fd",
 "thiserror",
]

[[package]]
name = "nx-panic-handler"
version = "0.1.0"

[[package]]
name = "nx-pm"
version = "0.1.0"
dependencies = [
 "bitflags",
 "nx-panic-handler",
 "nx-service-pm",
 "nx-service-sm",
 "nx-sf",
 "nx-std-sync",
 "nx-svc",
 "static_assertions",
 "thiserror",
]

[[package]]
name = "nx-rand"
version = "0.1.0"
dependencies = [
 "nx-panic-handler",
 "nx-svc",
 "rand",
 "rand_chacha",
 "thiserror",
]

[[package]]
name = "nx-rt-core"
version = "0.1.0"
dependencies = [
 "nx-alloc",
 "nx-panic-handler",
 "nx-service-applet",
 "nx-service-sm",
 "nx-sf",
 "nx-std-sync",
 "nx-svc",
 "nx-sys-sync",
 "nx-sys-thread-tls",
 "thiserror",
]

[[package]]
name = "nx-rt-kip"
version = "0.1.0"
dependencies = [
 "nx-panic-handler",
 "nx-rt-core",
 "nx-svc",
]

[[package]]
name = "nx-rt-module"
version = "0.1.0"
dependencies = [
 "nx-panic-handler",
 "nx-rt-core",
]

[[package]]
name = "nx-rt-nro"
version = "0.1.0"
dependencies = [
 "nx-alloc",
 "nx-fsdev",
 "nx-panic-handler",
 "nx-rt-core",
 "nx-service-apm",
 "nx-service-applet",
 "nx-service-applet-err",
 "nx-service-fs",
 "nx-service-hid",
 "nx-service-nv",
 "nx-service-set",
 "nx-service-sm",
 "nx-service-time",
 "nx-service-vi",
 "nx-sf",
 "nx-std-sync",
 "nx-svc",
 "nx-sys-mem",
 "nx-sys-thread-tls",
 "nx-time",
 "thiserror",
]

[[package]]
name = "nx-rt-nso"
version = "0.1.0"
dependencies = [
 "nx-alloc",
 "nx-panic-handler",
 "nx-rt-core",
 "nx-service-applet",
 "nx-svc",
]

[[package]]
name = "nx-service-acc"
version = "0.1.0"
dependencies = [
 "nx-panic-handler",
 "nx-service-sm",
 "nx-sf",
 "nx-sys-thread-tls",
 "static_assertions",
 "thiserror",
]

[[package]]
name = "nx-service-apm"
version = "0.1.0"
dependencies = [
 "nx-panic-handler",
 "nx-service-sm",
 "nx-sf",
 "nx-sys-thread-tls",
 "thiserror",
 "zerocopy",
]

[[package]]
name = "nx-service-applet"
version = "0.1.0"
dependencies = [
 "nx-panic-handler",
 "nx-service-sm",
 "nx-sf",
 "nx-svc",
 "nx-sys-thread-tls",
 "static_assertions",
 "thiserror",
 "zerocopy",
]

[[package]]
name = "nx-service-applet-err"
version = "0.1.0"
dependencies = [
 "nx-cpu",
 "nx-panic-handler",
 "nx-service-applet",
 "nx-sf",
 "nx-svc",
 "static_assertions",
 "thiserror",
 "zerocopy",
]

[[package]]
name = "nx-service-async"
version = "0.1.0"
dependencies = [
 "nx-panic-handler",
 "nx-sf",
 "nx-svc",
 "nx-sys-thread-tls",
 "static_assertions",
]

[[package]]
name = "nx-service-aud"
version = "0.1.0"
dependencies = [
 "nx-panic-handler",
 "nx-service-sm",
 "nx-sf",
 "nx-sys-thread-tls",
 "static_assertions",
 "thiserror",
 "zerocopy",
]

[[package]]
name = "nx-service-audctl"
version = "0.1.0"
dependencies = [
 "nx-panic-handler",
 "nx-service-sm",
 "nx-sf",
 "nx-sys-thread-tls",
 "static_assertions",
 "thiserror",
 "zerocopy",
]

[[package]]
name = "nx-service-auddev"
version = "0.1.0"
dependencies = [
 "nx-panic-handler",
 "nx-service-sm",
 "nx-sf",
 "nx-sys-thread-tls",
 "static_assertions",
 "thiserror",
 "zerocopy",
]

[[package]]
name = "nx-service-audin"
version = "0.1.0"
dependencies = [
 "nx-panic-handler",
 "nx-service-sm",
 "nx-sf",
 "nx-svc",
 "nx-sys-thread-tls",
 "static_assertions",
 "thiserror",
 "zerocopy",
]

[[package]]
name = "nx-service-audout"
version = "0.1.0"
dependencies = [
 "nx-panic-handler",
 "nx-service-sm",
 "nx-sf",
 "nx-svc",
 "nx-sys-thread-tls",
 "static_assertions",
 "thiserror",
 "zerocopy",
]

[[package]]
name = "nx-service-audrec"
version = "0.1.0"
dependencies = [
 "nx-panic-handler",
 "nx-service-sm",
 "nx-sf",
 "nx-svc",
 "nx-sys-thread-tls",
 "static_assertions",
 "thiserror",
 "zerocopy",
]

[[package]]
name = "nx-service-audren"
version = "0.1.0"
dependencies = [
 "nx-panic-handler",
 "nx-service-sm",
 "nx-sf",
 "nx-sys-thread-tls",
 "static_assertions",
 "thiserror",
 "zerocopy",
]

[[package]]
name = "nx-service-avm"
version = "0.1.0"
dependencies = [
 "nx-panic-handler",
 "nx-service-sm",
 "nx-sf",
 "nx-sys-thread-tls",
 "static_assertions",
 "thiserror",
]

[[package]]
name = "nx-service-bpc"
version = "0.1.0"
dependencies = [
 "nx-panic-handler",
 "nx-service-sm",
 "nx-sf",
 "nx-sys-thread-tls",
 "thiserror",
]

[[package]]
name = "nx-service-bsd"
version = "0.1.0"
dependencies = [
 "nx-panic-handler",
 "nx-service-sm",
 "nx-sf",
 "nx-std-sync",
 "nx-svc",
 "nx-sys-mem",
 "nx-sys-thread-tls",
 "static_assertions",
 "thiserror",
 "zerocopy",
]

[[package]]
name = "nx-service-bt"
version = "0.1.0"
dependencies = [
 "nx-panic-handler",
 "nx-service-sm",
 "nx-sf",
 "nx-sys-thread-tls",
 "static_assertions",
 "thiserror",
 "zerocopy",
]

[[package]]
name = "nx-service-btdrv"
version = "0.1.0"
dependencies = [
 "nx-panic-handler",
 "nx-service-sm",
 "nx-sf",
 "nx-sys-thread-tls",
 "static_assertions",
 "thiserror",
 "zerocopy",
]

[[package]]
name = "nx-service-btm"
version = "0.1.0"
dependencies = [
 "nx-panic-handler",
 "nx-service-sm",
 "nx-sf",
 "nx-sys-thread-tls",
 "static_assertions",
 "thiserror",
 "zerocopy",
]

[[package]]
name = "nx-service-btmsys"
version = "0.1.0"
dependencies = [
 "nx-panic-handler",
 "nx-service-sm",
 "nx-sf",
 "nx-svc",
 "nx-sys-thread-tls",
 "static_assertions",
 "thiserror",
 "zerocopy",
]

[[package]]
name = "nx-service-btmu"
version = "0.1.0"
dependencies = [
 "nx-panic-handler",
 "nx-service-sm",
 "nx-sf",
 "nx-svc",
 "nx-sys-thread-tls",
 "static_assertions",
 "thiserror",
 "zerocopy",
]

[[package]]
name = "nx-service-capmtp"
version = "0.1.0"
dependencies = [
 "nx-panic-handler",
 "nx-service-sm",
 "nx-sf",
 "nx-sys-thread-tls",
 "static_assertions",
 "thiserror",
]

[[package]]
name = "nx-service-caps"
version = "0.1.0"
dependencies = [
 "bitflags",
 "nx-panic-handler",
 "static_assertions",
]

[[package]]
name = "nx-service-capsa"
version = "0.1.0"
dependencies = [
 "nx-panic-handler",
 "nx-service-caps",
 "nx-service-sm",
 "nx-sf",
 "nx-sys-thread-tls",
 "static_assertions",
 "thiserror",
]

[[package]]
name = "nx-service-capsc"
version = "0.1.0"
dependencies = [
 "nx-panic-handler",
 "nx-service-caps",
 "nx-service-sm",
 "nx-sf",
 "nx-sys-thread-tls",
 "static_assertions",
 "thiserror",
]

[[package]]
name = "nx-service-capsdc"
version = "0.1.0"
dependencies = [
 "modular-bitfield",
 "nx-panic-handler",
 "nx-service-sm",
 "nx-sf",
 "nx-sys-thread-tls",
 "static_assertions",
 "thiserror",
 "zerocopy",
]

[[package]]
name = "nx-service-capssc"
version = "0.1.0"
dependencies = [
 "nx-panic-handler",
 "nx-service-sm",
 "nx-service-vi",
 "nx-sf",
 "nx-sys-thread-tls",
 "static_assertions",
 "thiserror",
 "zerocopy",
]

[[package]]
name = "nx-service-capssu"
version = "0.1.0"
dependencies = [
 "nx-panic-handler",
 "nx-service-sm",
 "nx-sf",
 "nx-sys-thread-tls",
 "static_assertions",
 "thiserror",
 "zerocopy",
]

[[package]]
name = "nx-service-capsu"
version = "0.1.0"
dependencies = [
 "nx-panic-handler",
 "nx-service-caps",
 "nx-service-sm",
 "nx-sf",
 "nx-sys-thread-tls",
 "static_assertions",
 "thiserror",
]

[[package]]
name = "nx-service-clkrst"
version = "0.1.0"
dependencies = [
 "nx-panic-handler",
 "nx-service-sm",
 "nx-sf",
 "nx-sys-thread-tls",
 "static_assertions",
 "thiserror",
 "zerocopy",
]

[[package]]
name = "nx-service-csrng"
version = "0.1.0"
dependencies = [
 "nx-panic-handler",
 "nx-service-sm",
 "nx-sf",
 "nx-sys-thread-tls",
 "thiserror",
]

[[package]]
name = "nx-service-ectx"
version = "0.1.0"
dependencies = [
 "nx-panic-handler",
 "nx-service-sm",
 "nx-sf",
 "nx-sys-thread-tls",
 "thiserror",
 "zerocopy",
]

[[package]]
name = "nx-service-fan"
version = "0.1.0"
dependencies = [
 "nx-panic-handler",
 "nx-service-sm",
 "nx-sf",
 "nx-sys-thread-tls",
 "thiserror",
]

[[package]]
name = "nx-service-fatal"
version = "0.1.0"
dependencies = [
 "nx-panic-handler",
 "nx-service-sm",
 "nx-sf",
 "nx-sys-thread-tls",
 "static_assertions",
 "thiserror",
 "zerocopy",
]

[[package]]
name = "nx-service-friends"
version = "0.1.0"
dependencies = [
 "nx-panic-handler",
 "nx-service-sm",
 "nx-sf",
 "nx-std-sync",
 "nx-sys-thread-tls",
 "static_assertions",
 "thiserror",
]

[[package]]
name = "nx-service-fs"
version = "0.1.0"
dependencies = [
 "bitflags",
 "nx-panic-handler",
 "nx-service-sm",
 "nx-sf",
 "nx-std-sync",
 "nx-sys-thread-tls",
 "static_assertions",
 "thiserror",
 "zerocopy",
]

[[package]]
name = "nx-service-fsldr"
version = "0.1.0"
dependencies = [
 "nx-panic-handler",
 "nx-service-sm",
 "nx-sf",
 "nx-sys-thread-tls",
 "static_assertions",
 "thiserror",
 "zerocopy",
]

[[package]]
name = "nx-service-fspr"
version = "0.1.0"
dependencies = [
 "nx-panic-handler",
 "nx-service-sm",
 "nx-sf",
 "nx-sys-thread-tls",
 "thiserror",
 "zerocopy",
]

[[package]]
name = "nx-service-gpio"
version = "0.1.0"
dependencies = [
 "nx-panic-handler",
 "nx-service-sm",
 "nx-sf",
 "nx-sys-thread-tls",
 "thiserror",
 "zerocopy",
]

[[package]]
name = "nx-service-grc"
version = "0.1.0"
dependencies = [
 "nx-panic-handler",
 "nx-service-caps",
 "nx-service-sm",
 "nx-sf",
 "nx-sys-thread-tls",
 "static_assertions",
 "thiserror",
]

[[package]]
name = "nx-service-hid"
version = "0.1.0"
dependencies = [
 "nx-panic-handler",
 "nx-service-applet",
 "nx-service-sm",
 "nx-sf",
 "nx-svc",
 "nx-sys-mem",
 "nx-sys-thread-tls",
 "thiserror",
 "zerocopy",
]

[[package]]
name = "nx-service-hidbus"
version = "0.1.0"
dependencies = [
 "nx-panic-handler",
 "nx-service-sm",
 "nx-sf",
 "nx-sys-thread-tls",
 "static_assertions",
 "thiserror",
 "zerocopy",
]

[[package]]
name = "nx-service-hiddbg"
version = "0.1.0"
dependencies = [
 "nx-panic-handler",
 "nx-service-sm",
 "nx-sf",
 "nx-sys-thread-tls",
 "static_assertions",
 "thiserror",
 "zerocopy",
]

[[package]]
name = "nx-service-hidsys"
version = "0.1.0"
dependencies = [
 "nx-panic-handler",
 "nx-service-sm",
 "nx-sf",
 "nx-sys-thread-tls",
 "static_assertions",
 "thiserror",
 "zerocopy",
]

[[package]]
name = "nx-service-htcs"
version = "0.1.0"
dependencies = [
 "bitflags",
 "nx-panic-handler",
 "nx-service-sm",
 "nx-sf",
 "nx-std-sync",
 "nx-sys-thread-tls",
 "static_assertions",
 "thiserror",
]

[[package]]
name = "nx-service-hwopus"
version = "0.1.0"
dependencies = [
 "nx-panic-handler",
 "nx-service-sm",
 "nx-sf",
 "nx-sys-thread-tls",
 "static_assertions",
 "thiserror",
 "zerocopy",
]

[[package]]
name = "nx-service-i2c"
version = "0.1.0"
dependencies = [
 "bitflags",
 "nx-panic-handler",
 "nx-service-sm",
 "nx-sf",
 "nx-sys-thread-tls",
 "thiserror",
]

[[package]]
name = "nx-service-idlesys"
version = "0.1.0"
dependencies = [
 "nx-panic-handler",
 "nx-service-sm",
 "nx-sf",
 "nx-sys-thread-tls",
 "thiserror",
]

[[package]]
name = "nx-service-ins"
version = "0.1.0"
dependencies = [
 "nx-panic-handler",
 "nx-service-sm",
 "nx-sf",
 "nx-svc",
 "nx-sys-thread-tls",
 "thiserror",
 "zerocopy",
]

[[package]]
name = "nx-service-irs"
version = "0.1.0"
dependencies = [
 "nx-panic-handler",
 "nx-service-sm",
 "nx-sf",
 "nx-sys-thread-tls",
 "static_assertions",
 "thiserror",
 "zerocopy",
]

[[package]]
name = "nx-service-lbl"
version = "0.1.0"
dependencies = [
 "nx-panic-handler",
 "nx-service-sm",
 "nx-sf",
 "nx-sys-thread-tls",
 "thiserror",
 "zerocopy",
]

[[package]]
name = "nx-service-ldn"
version = "0.1.0"
dependencies = [
 "nx-panic-handler",
 "nx-service-sm",
 "nx-sf",
 "nx-std-sync",
 "nx-sys-thread-tls",
 "static_assertions",
 "thiserror",
]

[[package]]
name = "nx-service-ldr"
version = "0.1.0"
dependencies = [
 "nx-panic-handler",
 "nx-service-sm",
 "nx-sf",
 "nx-sys-thread-tls",
 "static_assertions",
 "thiserror",
]

[[package]]
name = "nx-service-lp2p"
version = "0.1.0"
dependencies = [
 "nx-panic-handler",
 "nx-service-sm",
 "nx-sf",
 "nx-std-sync",
 "nx-svc",
 "nx-sys-thread-tls",
 "static_assertions",
 "thiserror",
]

[[package]]
name = "nx-service-lr"
version = "0.1.0"
dependencies = [
 "nx-panic-handler",
 "nx-service-sm",
 "nx-sf",
 "nx-sys-thread-tls",
 "static_assertions",
 "thiserror",
]

[[package]]
name = "nx-service-mii"
version = "0.1.0"
dependencies = [
 "bitflags",
 "nx-panic-handler",
 "nx-service-sm",
 "nx-sf",
 "nx-sys-thread-tls",
 "static_assertions",
 "thiserror",
]

[[package]]
name = "nx-service-miiimg"
version = "0.1.0"
dependencies = [
 "nx-panic-handler",
 "nx-service-sm",
 "nx-sf",
 "nx-sys-thread-tls",
 "static_assertions",
 "thiserror",
 "zerocopy",
]

[[package]]
name = "nx-service-mm"
version = "0.1.0"
dependencies = [
 "nx-panic-handler",
 "nx-service-sm",
 "nx-sf",
 "nx-sys-thread-tls",
 "static_assertions",
 "thiserror",
 "zerocopy",
]

[[package]]
name = "nx-service-ncm"
version = "0.1.0"
dependencies = [
 "nx-panic-handler",
 "nx-service-sm",
 "nx-sf",
 "nx-sys-thread-tls",
 "static_assertions",
 "thiserror",
]

[[package]]
name = "nx-service-news"
version = "0.1.0"
dependencies = [
 "nx-panic-handler",
 "nx-service-sm",
 "nx-sf",
 "nx-sys-thread-tls",
 "static_assertions",
 "thiserror",
]

[[package]]
name = "nx-service-nfc"
version = "0.1.0"
dependencies = [
 "bitflags",
 "nx-panic-handler",
 "nx-service-mii",
 "nx-service-sm",
 "nx-sf",
 "nx-sys-thread-tls",
 "static_assertions",
 "thiserror",
]

[[package]]
name = "nx-service-nifm"
version = "0.1.0"
dependencies = [
 "nx-panic-handler",
 "nx-service-sm",
 "nx-sf",
 "nx-svc",
 "nx-sys-thread-tls",
 "static_assertions",
 "thiserror",
]

[[package]]
name = "nx-service-nim"
version = "0.1.0"
dependencies = [
 "nx-panic-handler",
 "nx-service-sm",
 "nx-sf",
 "nx-sys-thread-tls",
 "static_assertions",
 "thiserror",
 "zerocopy",
]

[[package]]
name = "nx-service-notif"
version = "0.1.0"
dependencies = [
 "nx-panic-handler",
 "nx-service-sm",
 "nx-sf",
 "nx-sys-thread-tls",
 "static_assertions",
 "thiserror",
]

[[package]]
name = "nx-service-ns"
version = "0.1.0"
dependencies = [
 "nx-panic-handler",
 "nx-service-sm",
 "nx-sf",
 "nx-svc",
 "nx-sys-thread-tls",
 "static_assertions",
 "thiserror",
]

[[package]]
name = "nx-service-nv"
version = "0.1.0"
dependencies = [
 "nx-panic-handler",
 "nx-service-applet",
 "nx-service-sm",
 "nx-sf",
 "nx-svc",
 "nx-sys-mem",
 "nx-sys-thread-tls",
 "thiserror",
 "zerocopy",
]

[[package]]
name = "nx-service-omm"
version = "0.1.0"
dependencies = [
 "nx-panic-handler",
 "nx-service-sm",
 "nx-sf",
 "nx-sys-thread-tls",
 "thiserror",
]

[[package]]
name = "nx-service-ovln"
version = "0.1.0"
dependencies = [
 "nx-panic-handler",
 "nx-service-sm",
 "nx-sf",
 "nx-sys-thread-tls",
 "static_assertions",
 "thiserror",
 "zerocopy",
]

[[package]]
name = "nx-service-pctl"
version = "0.1.0"
dependencies = [
 "nx-panic-handler",
 "nx-service-sm",
 "nx-sf",
 "nx-sys-thread-tls",
 "static_assertions",
 "thiserror",
]

[[package]]
name = "nx-service-pcv"
version = "0.1.0"
dependencies = [
 "nx-panic-handler",
 "nx-service-sm",
 "nx-sf",
 "nx-sys-thread-tls",
 "static_assertions",
 "thiserror",
]

[[package]]
name = "nx-service-pdm"
version = "0.1.0"
dependencies = [
 "nx-panic-handler",
 "nx-service-sm",
 "nx-sf",
 "nx-sys-thread-tls",
 "static_assertions",
 "thiserror",
]

[[package]]
name = "nx-service-pgl"
version = "0.1.0"
dependencies = [
 "bitflags",
 "nx-panic-handler",
 "nx-service-sm",
 "nx-sf",
 "nx-sys-thread-tls",
 "static_assertions",
 "thiserror",
 "zerocopy",
]

[[package]]
name = "nx-service-pl"
version = "0.1.0"
dependencies = [
 "nx-panic-handler",
 "nx-service-sm",
 "nx-sf",
 "nx-sys-thread-tls",
 "thiserror",
 "zerocopy",
]

[[package]]
name = "nx-service-pm"
version = "0.1.0"
dependencies = [
 "bitflags",
 "nx-panic-handler",
 "nx-service-sm",
 "nx-sf",
 "nx-sys-thread-tls",
 "static_assertions",
 "thiserror",
]

[[package]]
name = "nx-service-psc"
version = "0.1.0"
dependencies = [
 "nx-panic-handler",
 "nx-service-sm",
 "nx-sf",
 "nx-sys-thread-tls",
 "thiserror",
]

[[package]]
name = "nx-service-psm"
version = "0.1.0"
dependencies = [
 "nx-panic-handler",
 "nx-service-sm",
 "nx-sf",
 "nx-sys-thread-tls",
 "static_assertions",
 "thiserror",
 "zerocopy",
]

[[package]]
name = "nx-service-ro"
version = "0.1.0"
dependencies = [
 "nx-panic-handler",
 "nx-service-sm",
 "nx-sf",
 "nx-svc",
 "nx-sys-thread-tls",
 "static_assertions",
 "thiserror",
]

[[package]]
name = "nx-service-set"
version = "0.1.0"
dependencies = [
 "nx-panic-handler",
 "nx-service-sm",
 "nx-sf",
 "nx-sys-thread-tls",
 "static_assertions",
 "thiserror",
]

[[package]]
name = "nx-service-sfdnsres"
version = "0.1.0"
dependencies = [
 "nx-panic-handler",
 "nx-service-sm",
 "nx-sf",
 "nx-sys-thread-tls",
 "static_assertions",
 "thiserror",
 "zerocopy",
]

[[package]]
name = "nx-service-sm"
version = "0.1.0"
dependencies = [
 "nx-panic-handler",
 "nx-sf",
 "nx-svc",
 "nx-sys-thread-tls",
 "thiserror",
]

[[package]]
name = "nx-service-smm"
version = "0.1.0"
dependencies = [
 "nx-panic-handler",
 "nx-service-sm",
 "nx-sf",
 "nx-sys-thread-tls",
 "thiserror",
]

[[package]]
name = "nx-service-spl"
version = "0.1.0"
dependencies = [
 "nx-panic-handler",
 "nx-service-sm",
 "nx-sf",
 "nx-sys-thread-tls",
 "static_assertions",
 "thiserror",
]

[[package]]
name = "nx-service-spsm"
version = "0.1.0"
dependencies = [
 "nx-panic-handler",
 "nx-service-sm",
 "nx-sf",
 "nx-sys-thread-tls",
 "thiserror",
]

[[package]]
name = "nx-service-ssl"
version = "0.1.0"
dependencies = [
 "bitflags",
 "nx-panic-handler",
 "nx-service-sm",
 "nx-sf",
 "nx-std-sync",
 "nx-sys-thread-tls",
 "static_assertions",
 "thiserror",
]

[[package]]
name = "nx-service-tc"
version = "0.1.0"
dependencies = [
 "nx-panic-handler",
 "nx-service-sm",
 "nx-sf",
 "nx-sys-thread-tls",
 "thiserror",
]

[[package]]
name = "nx-service-time"
version = "0.1.0"
dependencies = [
 "nx-cpu",
 "nx-panic-handler",
 "nx-service-sm",
 "nx-sf",
 "nx-svc",
 "nx-sys-mem",
 "nx-sys-thread-tls",
 "thiserror",
 "zerocopy",
]

[[package]]
name = "nx-service-ts"
version = "0.1.0"
dependencies = [
 "nx-panic-handler",
 "nx-service-sm",
 "nx-sf",
 "nx-sys-thread-tls",
 "thiserror",
]

[[package]]
name = "nx-service-uart"
version = "0.1.0"
dependencies = [
 "nx-panic-handler",
 "nx-service-sm",
 "nx-sf",
 "nx-sys-thread-tls",
 "static_assertions",
 "thiserror",
 "zerocopy",
]

[[package]]
name = "nx-service-usbds"
version = "0.1.0"
dependencies = [
 "nx-panic-handler",
 "nx-service-sm",
 "nx-sf",
 "nx-sys-thread-tls",
 "static_assertions",
 "thiserror",
]

[[package]]
name = "nx-service-usbhs"
version = "0.1.0"
dependencies = [
 "bitflags",
 "nx-panic-handler",
 "nx-service-sm",
 "nx-sf",
 "nx-sys-thread-tls",
 "static_assertions",
 "thiserror",
]

[[package]]
name = "nx-service-vi"
version = "0.1.0"
dependencies = [
 "nx-panic-handler",
 "nx-service-applet",
 "nx-service-sm",
 "nx-sf",
 "nx-svc",
 "nx-sys-thread-tls",
 "thiserror",
 "zerocopy",
]

[[package]]
name = "nx-service-wlaninf"
version = "0.1.0"
dependencies = [
 "nx-panic-handler",
 "nx-service-sm",
 "nx-sf",
 "nx-sys-thread-tls",
 "thiserror",
]

[[package]]
name = "nx-sf"
version = "0.1.0"
dependencies = [
 "modular-bitfield",
 "nx-panic-handler",
 "nx-svc",
 "nx-sys-thread-tls",
 "static_assertions",
 "thiserror",
 "zerocopy",
]

[[package]]
name = "nx-std"
version = "0.1.0"
dependencies = [
 "nx-alloc",
 "nx-display",
 "nx-fsdev",
 "nx-panic-handler",
 "nx-pm",
 "nx-rand",
 "nx-rt-core",
 "nx-rt-nro",
 "nx-rt-nso",
 "nx-service-apm",
 "nx-service-applet",
 "nx-service-fs",
 "nx-service-hid",
 "nx-service-nv",
 "nx-service-set",
 "nx-service-sfdnsres",
 "nx-service-sm",
 "nx-service-time",
 "nx-service-vi",
 "nx-sf",
 "nx-std-sync",
 "nx-svc",
 "nx-sys-fd",
 "nx-sys-mem",
 "nx-sys-sync",
 "nx-sys-thread",
 "nx-sys-thread-tls",
 "nx-sys-virtmem",
 "nx-time",
 "nx-wlaninf",
]

[[package]]
name = "nx-std-sync"
version = "0.1.0"
dependencies = [
 "nx-alloc",
 "nx-panic-handler",
 "nx-sys-sync",
 "thiserror",
]

[[package]]
name = "nx-svc"
version = "0.1.0"
dependencies = [
 "bitflags",
 "nx-panic-handler",
 "thiserror",
]

[[package]]
name = "nx-sys-fd"
version = "0.1.0"
dependencies = [
 "nx-alloc",
 "nx-panic-handler",
 "nx-sys-sync",
 "nx-sys-thread-tls",
 "static_assertions",
 "thiserror",
]

[[package]]
name = "nx-sys-mem"
version = "0.1.0"
dependencies = [
 "nx-alloc",
 "nx-panic-handler",
 "nx-svc",
 "nx-sys-virtmem",
 "thiserror",
]

[[package]]
name = "nx-sys-sync"
version = "0.1.0"
dependencies = [
 "nx-panic-handler",
 "nx-svc",
 "nx-sys-thread-tls",
 "static_assertions",
 "thiserror",
]

[[package]]
name = "nx-sys-thread"
version = "0.1.0"
dependencies = [
 "nx-alloc",
 "nx-panic-handler",
 "nx-svc",
 "nx-sys-mem",
 "nx-sys-sync",
 "nx-sys-thread-tls",
 "static_assertions",
 "thiserror",
]

[[package]]
name = "nx-sys-thread-tls"
version = "0.1.0"
dependencies = [
 "nx-cpu",
 "nx-panic-handler",
 "nx-svc",
 "static_assertions",
]

[[package]]
name = "nx-sys-virtmem"
version = "0.1.0"
dependencies = [
 "nx-panic-handler",
 "nx-rand",
 "nx-svc",
 "nx-sys-sync",
 "thiserror",
]

[[package]]
name = "nx-time"
version = "0.1.0"
dependencies = [
 "nx-cpu",
 "nx-panic-handler",
 "static_assertions",
 "thiserror",
]

[[package]]
name = "nx-wlaninf"
version = "0.1.0"
dependencies = [
 "nx-panic-handler",
 "nx-service-sm",
 "nx-service-wlaninf",
 "nx-sf",
 "nx-std-sync",
 "nx-svc",
 "thiserror",
]

[[package]]
name = "ppv-lite86"
version = "0.2.21"
source = "registry+https://github.com/rust-lang/crates.io-index"
checksum = "85eae3c4ed2f50dcfe72643da4befc30deadb458a9b590d720cde2f2b1e97da9"
dependencies = [
 "zerocopy",
]

[[package]]
name = "proc-macro2"
version = "1.0.106"
source = "registry+https://github.com/rust-lang/crates.io-index"
checksum = "8fd00f0bb2e90d81d1044c2b32617f68fcb9fa3bb7640c23e9c748e53fb30934"
dependencies = [
 "unicode-ident",
]

[[package]]
name = "quote"
version = "1.0.45"
source = "registry+https://github.com/rust-lang/crates.io-index"
checksum = "41f2619966050689382d2b44f664f4bc593e129785a36d6ee376ddf37259b924"
dependencies = [
 "proc-macro2",
]

[[package]]
name = "rand"
version = "0.8.6"
source = "registry+https://github.com/rust-lang/crates.io-index"
checksum = "5ca0ecfa931c29007047d1bc58e623ab12e5590e8c7cc53200d5202b69266d8a"
dependencies = [
 "rand_core",
]

[[package]]
name = "rand_chacha"
version = "0.3.1"
source = "registry+https://github.com/rust-lang/crates.io-index"
checksum = "e6c10a63a0fa32252be49d21e7709d4d4baf8d231c2dbce1eaa8141b9b127d88"
dependencies = [
 "ppv-lite86",
 "rand_core",
]

[[package]]
name = "rand_core"
version = "0.6.4"
source = "registry+https://github.com/rust-lang/crates.io-index"
checksum = "ec0be4795e2f6a28069bec0b5ff3e2ac9bafc99e6a9a7dc3547996c5c816922c"

[[package]]
name = "static_assertions"
version = "1.1.0"
source = "registry+https://github.com/rust-lang/crates.io-index"
checksum = "a2eb9349b6444b326872e140eb1cf5e7c522154d69e7a0ffb0fb81c06b37543f"

[[package]]
name = "syn"
version = "1.0.109"
source = "registry+https://github.com/rust-lang/crates.io-index"
checksum = "72b64191b275b66ffe2469e8af2c1cfe3bafa67b529ead792a6d0160888b4237"
dependencies = [
 "proc-macro2",
 "quote",
 "unicode-ident",
]

[[package]]
name = "syn"
version = "2.0.117"
source = "registry+https://github.com/rust-lang/crates.io-index"
checksum = "e665b8803e7b1d2a727f4023456bbbbe74da67099c585258af0ad9c5013b9b99"
dependencies = [
 "proc-macro2",
 "quote",
 "unicode-ident",
]

[[package]]
name = "thiserror"
version = "2.0.18"
source = "registry+https://github.com/rust-lang/crates.io-index"
checksum = "4288b5bcbc7920c07a1149a35cf9590a2aa808e0bc1eafaade0b80947865fbc4"
dependencies = [
 "thiserror-impl",
]

[[package]]
name = "thiserror-impl"
version = "2.0.18"
source = "registry+https://github.com/rust-lang/crates.io-index"
checksum = "ebc4ee7f67670e9b64d05fa4253e753e016c6c95ff35b89b7941d6b856dec1d5"
dependencies = [
 "proc-macro2",
 "quote",
 "syn 2.0.117",
]

[[package]]
name = "unicode-ident"
version = "1.0.24"
source = "registry+https://github.com/rust-lang/crates.io-index"
checksum = "e6e4313cd5fcd3dad5cafa179702e2b244f760991f45397d14d4ebf38247da75"

[[package]]
name = "zerocopy"
version = "0.8.48"
source = "registry+https://github.com/rust-lang/crates.io-index"
checksum = "eed437bf9d6692032087e337407a86f04cd8d6a16a37199ed57949d415bd68e9"
dependencies = [
 "zerocopy-derive",
]

[[package]]
name = "zerocopy-derive"
version = "0.8.48"
source = "registry+https://github.com/rust-lang/crates.io-index"
checksum = "70e3cd084b1788766f53af483dd21f93881ff30d7320490ec3ef7526d203bad4"
dependencies = [
 "proc-macro2",
 "quote",
 "syn 2.0.117",
]
