# This file is automatically @generated by Cargo.
# It is not intended for manual editing.
version = 4

[[package]]
name = "nx-cpu"
version = "0.1.0"
dependencies = [
 "panic-abort",
 "panic-halt",
]

[[package]]
name = "nx-svc"
version = "0.1.0"
dependencies = [
 "panic-abort",
 "panic-halt",
]

[[package]]
name = "nx-sync"
version = "0.1.0"
dependencies = [
 "nx-svc",
 "nx-thread",
 "panic-abort",
 "panic-halt",
 "static_assertions",
]

[[package]]
name = "nx-thread"
version = "0.1.0"
dependencies = [
 "nx-cpu",
 "panic-abort",
 "panic-halt",
 "static_assertions",
]

[[package]]
name = "panic-abort"
version = "0.3.2"
source = "registry+https://github.com/rust-lang/crates.io-index"
checksum = "4e20e6499bbbc412f280b04a42346b356c6fa0753d5fd22b7bd752ff34c778ee"

[[package]]
name = "panic-halt"
version = "1.0.0"
source = "registry+https://github.com/rust-lang/crates.io-index"
checksum = "a513e167849a384b7f9b746e517604398518590a9142f4846a32e3c2a4de7b11"

[[package]]
name = "static_assertions"
version = "1.1.0"
source = "registry+https://github.com/rust-lang/crates.io-index"
checksum = "a2eb9349b6444b326872e140eb1cf5e7c522154d69e7a0ffb0fb81c06b37543f"
